// !$*UTF8*$!
{
	archiveVersion = 1;
	classes = {
	};
	objectVersion = 50;
	objects = {

/* Begin PBXBuildFile section */
		50830F062346C079009CFB1D /* AppDelegate.swift in Sources */ = {isa = PBXBuildFile; fileRef = 50830F052346C079009CFB1D /* AppDelegate.swift */; };
		50830F0C2346C07A009CFB1D /* Assets.xcassets in Resources */ = {isa = PBXBuildFile; fileRef = 50830F0B2346C07A009CFB1D /* Assets.xcassets */; };
		50830F0F2346C07A009CFB1D /* Preview Assets.xcassets in Resources */ = {isa = PBXBuildFile; fileRef = 50830F0E2346C07A009CFB1D /* Preview Assets.xcassets */; };
		50830F122346C07A009CFB1D /* LaunchScreen.storyboard in Resources */ = {isa = PBXBuildFile; fileRef = 50830F102346C07A009CFB1D /* LaunchScreen.storyboard */; };
		50830F1D2346C07A009CFB1D /* rvc29_p2Tests.swift in Sources */ = {isa = PBXBuildFile; fileRef = 50830F1C2346C07A009CFB1D /* rvc29_p2Tests.swift */; };
		50830F282346C07A009CFB1D /* rvc29_p2UITests.swift in Sources */ = {isa = PBXBuildFile; fileRef = 50830F272346C07A009CFB1D /* rvc29_p2UITests.swift */; };
		50830F362346C2BD009CFB1D /* ViewController.swift in Sources */ = {isa = PBXBuildFile; fileRef = 50830F352346C2BD009CFB1D /* ViewController.swift */; };
/* End PBXBuildFile section */

/* Begin PBXContainerItemProxy section */
		50830F192346C07A009CFB1D /* PBXContainerItemProxy */ = {
			isa = PBXContainerItemProxy;
			containerPortal = 50830EFA2346C079009CFB1D /* Project object */;
			proxyType = 1;
			remoteGlobalIDString = 50830F012346C079009CFB1D;
			remoteInfo = rvc29_p2;
		};
		50830F242346C07A009CFB1D /* PBXContainerItemProxy */ = {
			isa = PBXContainerItemProxy;
			containerPortal = 50830EFA2346C079009CFB1D /* Project object */;
			proxyType = 1;
			remoteGlobalIDString = 50830F012346C079009CFB1D;
			remoteInfo = rvc29_p2;
		};
/* End PBXContainerItemProxy section */

/* Begin PBXFileReference section */
		50830F022346C079009CFB1D /* rvc29_p2.app */ = {isa = PBXFileReference; explicitFileType = wrapper.application; includeInIndex = 0; path = rvc29_p2.app; sourceTree = BUILT_PRODUCTS_DIR; };
		50830F052346C079009CFB1D /* AppDelegate.swift */ = {isa = PBXFileReference; lastKnownFileType = sourcecode.swift; path = AppDelegate.swift; sourceTree = "<group>"; };
		50830F0B2346C07A009CFB1D /* Assets.xcassets */ = {isa = PBXFileReference; lastKnownFileType = folder.assetcatalog; path = Assets.xcassets; sourceTree = "<group>"; };
		50830F0E2346C07A009CFB1D /* Preview Assets.xcassets */ = {isa = PBXFileReference; lastKnownFileType = folder.assetcatalog; path = "Preview Assets.xcassets"; sourceTree = "<group>"; };
		50830F112346C07A009CFB1D /* Base */ = {isa = PBXFileReference; lastKnownFileType = file.storyboard; name = Base; path = Base.lproj/LaunchScreen.storyboard; sourceTree = "<group>"; };
		50830F132346C07A009CFB1D /* Info.plist */ = {isa = PBXFileReference; lastKnownFileType = text.plist.xml; path = Info.plist; sourceTree = "<group>"; };
		50830F182346C07A009CFB1D /* rvc29_p2Tests.xctest */ = {isa = PBXFileReference; explicitFileType = wrapper.cfbundle; includeInIndex = 0; path = rvc29_p2Tests.xctest; sourceTree = BUILT_PRODUCTS_DIR; };
		50830F1C2346C07A009CFB1D /* rvc29_p2Tests.swift */ = {isa = PBXFileReference; lastKnownFileType = sourcecode.swift; path = rvc29_p2Tests.swift; sourceTree = "<group>"; };
		50830F1E2346C07A009CFB1D /* Info.plist */ = {isa = PBXFileReference; lastKnownFileType = text.plist.xml; path = Info.plist; sourceTree = "<group>"; };
		50830F232346C07A009CFB1D /* rvc29_p2UITests.xctest */ = {isa = PBXFileReference; explicitFileType = wrapper.cfbundle; includeInIndex = 0; path = rvc29_p2UITests.xctest; sourceTree = BUILT_PRODUCTS_DIR; };
		50830F272346C07A009CFB1D /* rvc29_p2UITests.swift */ = {isa = PBXFileReference; lastKnownFileType = sourcecode.swift; path = rvc29_p2UITests.swift; sourceTree = "<group>"; };
		50830F292346C07A009CFB1D /* Info.plist */ = {isa = PBXFileReference; lastKnownFileType = text.plist.xml; path = Info.plist; sourceTree = "<group>"; };
		50830F352346C2BD009CFB1D /* ViewController.swift */ = {isa = PBXFileReference; lastKnownFileType = sourcecode.swift; path = ViewController.swift; sourceTree = "<group>"; };
/* End PBXFileReference section */

/* Begin PBXFrameworksBuildPhase section */
		50830EFF2346C079009CFB1D /* Frameworks */ = {
			isa = PBXFrameworksBuildPhase;
			buildActionMask = 2147483647;
			files = (
			);
			runOnlyForDeploymentPostprocessing = 0;
		};
		50830F152346C07A009CFB1D /* Frameworks */ = {
			isa = PBXFrameworksBuildPhase;
			buildActionMask = 2147483647;
			files = (
			);
			runOnlyForDeploymentPostprocessing = 0;
		};
		50830F202346C07A009CFB1D /* Frameworks */ = {
			isa = PBXFrameworksBuildPhase;
			buildActionMask = 2147483647;
			files = (
			);
			runOnlyForDeploymentPostprocessing = 0;
		};
/* End PBXFrameworksBuildPhase section */

/* Begin PBXGroup section */
		50830EF92346C079009CFB1D = {
			isa = PBXGroup;
			children = (
				50830F042346C079009CFB1D /* rvc29_p2 */,
				50830F1B2346C07A009CFB1D /* rvc29_p2Tests */,
				50830F262346C07A009CFB1D /* rvc29_p2UITests */,
				50830F032346C079009CFB1D /* Products */,
			);
			sourceTree = "<group>";
		};
		50830F032346C079009CFB1D /* Products */ = {
			isa = PBXGroup;
			children = (
				50830F022346C079009CFB1D /* rvc29_p2.app */,
				50830F182346C07A009CFB1D /* rvc29_p2Tests.xctest */,
				50830F232346C07A009CFB1D /* rvc29_p2UITests.xctest */,
			);
			name = Products;
			sourceTree = "<group>";
		};
		50830F042346C079009CFB1D /* rvc29_p2 */ = {
			isa = PBXGroup;
			children = (
				50830F052346C079009CFB1D /* AppDelegate.swift */,
				50830F0B2346C07A009CFB1D /* Assets.xcassets */,
				50830F102346C07A009CFB1D /* LaunchScreen.storyboard */,
				50830F132346C07A009CFB1D /* Info.plist */,
				50830F0D2346C07A009CFB1D /* Preview Content */,
				50830F352346C2BD009CFB1D /* ViewController.swift */,
			);
			path = rvc29_p2;
			sourceTree = "<group>";
		};
		50830F0D2346C07A009CFB1D /* Preview Content */ = {
			isa = PBXGroup;
			children = (
				50830F0E2346C07A009CFB1D /* Preview Assets.xcassets */,
			);
			path = "Preview Content";
			sourceTree = "<group>";
		};
		50830F1B2346C07A009CFB1D /* rvc29_p2Tests */ = {
			isa = PBXGroup;
			children = (
				50830F1C2346C07A009CFB1D /* rvc29_p2Tests.swift */,
				50830F1E2346C07A009CFB1D /* Info.plist */,
			);
			path = rvc29_p2Tests;
			sourceTree = "<group>";
		};
		50830F262346C07A009CFB1D /* rvc29_p2UITests */ = {
			isa = PBXGroup;
			children = (
				50830F272346C07A009CFB1D /* rvc29_p2UITests.swift */,
				50830F292346C07A009CFB1D /* Info.plist */,
			);
			path = rvc29_p2UITests;
			sourceTree = "<group>";
		};
/* End PBXGroup section */

/* Begin PBXNativeTarget section */
		50830F012346C079009CFB1D /* rvc29_p2 */ = {
			isa = PBXNativeTarget;
			buildConfigurationList = 50830F2C2346C07A009CFB1D /* Build configuration list for PBXNativeTarget "rvc29_p2" */;
			buildPhases = (
				50830EFE2346C079009CFB1D /* Sources */,
				50830EFF2346C079009CFB1D /* Frameworks */,
				50830F002346C079009CFB1D /* Resources */,
			);
			buildRules = (
			);
			dependencies = (
			);
			name = rvc29_p2;
			productName = rvc29_p2;
			productReference = 50830F022346C079009CFB1D /* rvc29_p2.app */;
			productType = "com.apple.product-type.application";
		};
		50830F172346C07A009CFB1D /* rvc29_p2Tests */ = {
			isa = PBXNativeTarget;
			buildConfigurationList = 50830F2F2346C07A009CFB1D /* Build configuration list for PBXNativeTarget "rvc29_p2Tests" */;
			buildPhases = (
				50830F142346C07A009CFB1D /* Sources */,
				50830F152346C07A009CFB1D /* Frameworks */,
				50830F162346C07A009CFB1D /* Resources */,
			);
			buildRules = (
			);
			dependencies = (
				50830F1A2346C07A009CFB1D /* PBXTargetDependency */,
			);
			name = rvc29_p2Tests;
			productName = rvc29_p2Tests;
			productReference = 50830F182346C07A009CFB1D /* rvc29_p2Tests.xctest */;
			productType = "com.apple.product-type.bundle.unit-test";
		};
		50830F222346C07A009CFB1D /* rvc29_p2UITests */ = {
			isa = PBXNativeTarget;
			buildConfigurationList = 50830F322346C07A009CFB1D /* Build configuration list for PBXNativeTarget "rvc29_p2UITests" */;
			buildPhases = (
				50830F1F2346C07A009CFB1D /* Sources */,
				50830F202346C07A009CFB1D /* Frameworks */,
				50830F212346C07A009CFB1D /* Resources */,
			);
			buildRules = (
			);
			dependencies = (
				50830F252346C07A009CFB1D /* PBXTargetDependency */,
			);
			name = rvc29_p2UITests;
			productName = rvc29_p2UITests;
			productReference = 50830F232346C07A009CFB1D /* rvc29_p2UITests.xctest */;
			productType = "com.apple.product-type.bundle.ui-testing";
		};
/* End PBXNativeTarget section */

/* Begin PBXProject section */
		50830EFA2346C079009CFB1D /* Project object */ = {
			isa = PBXProject;
			attributes = {
				LastSwiftUpdateCheck = 1100;
				LastUpgradeCheck = 1100;
				ORGANIZATIONNAME = "Rafael Chaves";
				TargetAttributes = {
					50830F012346C079009CFB1D = {
						CreatedOnToolsVersion = 11.0;
					};
					50830F172346C07A009CFB1D = {
						CreatedOnToolsVersion = 11.0;
						TestTargetID = 50830F012346C079009CFB1D;
					};
					50830F222346C07A009CFB1D = {
						CreatedOnToolsVersion = 11.0;
						TestTargetID = 50830F012346C079009CFB1D;
					};
				};
			};
			buildConfigurationList = 50830EFD2346C079009CFB1D /* Build configuration list for PBXProject "rvc29_p2" */;
			compatibilityVersion = "Xcode 9.3";
			developmentRegion = en;
			hasScannedForEncodings = 0;
			knownRegions = (
				en,
				Base,
			);
			mainGroup = 50830EF92346C079009CFB1D;
			productRefGroup = 50830F032346C079009CFB1D /* Products */;
			projectDirPath = "";
			projectRoot = "";
			targets = (
				50830F012346C079009CFB1D /* rvc29_p2 */,
				50830F172346C07A009CFB1D /* rvc29_p2Tests */,
				50830F222346C07A009CFB1D /* rvc29_p2UITests */,
			);
		};
/* End PBXProject section */

/* Begin PBXResourcesBuildPhase section */
		50830F002346C079009CFB1D /* Resources */ = {
			isa = PBXResourcesBuildPhase;
			buildActionMask = 2147483647;
			files = (
				50830F122346C07A009CFB1D /* LaunchScreen.storyboard in Resources */,
				50830F0F2346C07A009CFB1D /* Preview Assets.xcassets in Resources */,
				50830F0C2346C07A009CFB1D /* Assets.xcassets in Resources */,
			);
			runOnlyForDeploymentPostprocessing = 0;
		};
		50830F162346C07A009CFB1D /* Resources */ = {
			isa = PBXResourcesBuildPhase;
			buildActionMask = 2147483647;
			files = (
			);
			runOnlyForDeploymentPostprocessing = 0;
		};
		50830F212346C07A009CFB1D /* Resources */ = {
			isa = PBXResourcesBuildPhase;
			buildActionMask = 2147483647;
			files = (
			);
			runOnlyForDeploymentPostprocessing = 0;
		};
/* End PBXResourcesBuildPhase section */

/* Begin PBXSourcesBuildPhase section */
		50830EFE2346C079009CFB1D /* Sources */ = {
			isa = PBXSourcesBuildPhase;
			buildActionMask = 2147483647;
			files = (
				50830F362346C2BD009CFB1D /* ViewController.swift in Sources */,
				50830F062346C079009CFB1D /* AppDelegate.swift in Sources */,
			);
			runOnlyForDeploymentPostprocessing = 0;
		};
		50830F142346C07A009CFB1D /* Sources */ = {
			isa = PBXSourcesBuildPhase;
			buildActionMask = 2147483647;
			files = (
				50830F1D2346C07A009CFB1D /* rvc29_p2Tests.swift in Sources */,
			);
			runOnlyForDeploymentPostprocessing = 0;
		};
		50830F1F2346C07A009CFB1D /* Sources */ = {
			isa = PBXSourcesBuildPhase;
			buildActionMask = 2147483647;
			files = (
				50830F282346C07A009CFB1D /* rvc29_p2UITests.swift in Sources */,
			);
			runOnlyForDeploymentPostprocessing = 0;
		};
/* End PBXSourcesBuildPhase section */

/* Begin PBXTargetDependency section */
		50830F1A2346C07A009CFB1D /* PBXTargetDependency */ = {
			isa = PBXTargetDependency;
			target = 50830F012346C079009CFB1D /* rvc29_p2 */;
			targetProxy = 50830F192346C07A009CFB1D /* PBXContainerItemProxy */;
		};
		50830F252346C07A009CFB1D /* PBXTargetDependency */ = {
			isa = PBXTargetDependency;
			target = 50830F012346C079009CFB1D /* rvc29_p2 */;
			targetProxy = 50830F242346C07A009CFB1D /* PBXContainerItemProxy */;
		};
/* End PBXTargetDependency section */

/* Begin PBXVariantGroup section */
		50830F102346C07A009CFB1D /* LaunchScreen.storyboard */ = {
			isa = PBXVariantGroup;
			children = (
				50830F112346C07A009CFB1D /* Base */,
			);
			name = LaunchScreen.storyboard;
			sourceTree = "<group>";
		};
/* End PBXVariantGroup section */

/* Begin XCBuildConfiguration section */
		50830F2A2346C07A009CFB1D /* Debug */ = {
			isa = XCBuildConfiguration;
			buildSettings = {
				ALWAYS_SEARCH_USER_PATHS = NO;
				CLANG_ANALYZER_NONNULL = YES;
				CLANG_ANALYZER_NUMBER_OBJECT_CONVERSION = YES_AGGRESSIVE;
				CLANG_CXX_LANGUAGE_STANDARD = "gnu++14";
				CLANG_CXX_LIBRARY = "libc++";
				CLANG_ENABLE_MODULES = YES;
				CLANG_ENABLE_OBJC_ARC = YES;
				CLANG_ENABLE_OBJC_WEAK = YES;
				CLANG_WARN_BLOCK_CAPTURE_AUTORELEASING = YES;
				CLANG_WARN_BOOL_CONVERSION = YES;
				CLANG_WARN_COMMA = YES;
				CLANG_WARN_CONSTANT_CONVERSION = YES;
				CLANG_WARN_DEPRECATED_OBJC_IMPLEMENTATIONS = YES;
				CLANG_WARN_DIRECT_OBJC_ISA_USAGE = YES_ERROR;
				CLANG_WARN_DOCUMENTATION_COMMENTS = YES;
				CLANG_WARN_EMPTY_BODY = YES;
				CLANG_WARN_ENUM_CONVERSION = YES;
				CLANG_WARN_INFINITE_RECURSION = YES;
				CLANG_WARN_INT_CONVERSION = YES;
				CLANG_WARN_NON_LITERAL_NULL_CONVERSION = YES;
				CLANG_WARN_OBJC_IMPLICIT_RETAIN_SELF = YES;
				CLANG_WARN_OBJC_LITERAL_CONVERSION = YES;
				CLANG_WARN_OBJC_ROOT_CLASS = YES_ERROR;
				CLANG_WARN_RANGE_LOOP_ANALYSIS = YES;
				CLANG_WARN_STRICT_PROTOTYPES = YES;
				CLANG_WARN_SUSPICIOUS_MOVE = YES;
				CLANG_WARN_UNGUARDED_AVAILABILITY = YES_AGGRESSIVE;
				CLANG_WARN_UNREACHABLE_CODE = YES;
				CLANG_WARN__DUPLICATE_METHOD_MATCH = YES;
				COPY_PHASE_STRIP = NO;
				DEBUG_INFORMATION_FORMAT = dwarf;
				ENABLE_STRICT_OBJC_MSGSEND = YES;
				ENABLE_TESTABILITY = YES;
				GCC_C_LANGUAGE_STANDARD = gnu11;
				GCC_DYNAMIC_NO_PIC = NO;
				GCC_NO_COMMON_BLOCKS = YES;
				GCC_OPTIMIZATION_LEVEL = 0;
				GCC_PREPROCESSOR_DEFINITIONS = (
					"DEBUG=1",
					"$(inherited)",
				);
				GCC_WARN_64_TO_32_BIT_CONVERSION = YES;
				GCC_WARN_ABOUT_RETURN_TYPE = YES_ERROR;
				GCC_WARN_UNDECLARED_SELECTOR = YES;
				GCC_WARN_UNINITIALIZED_AUTOS = YES_AGGRESSIVE;
				GCC_WARN_UNUSED_FUNCTION = YES;
				GCC_WARN_UNUSED_VARIABLE = YES;
				IPHONEOS_DEPLOYMENT_TARGET = 13.0;
				MTL_ENABLE_DEBUG_INFO = INCLUDE_SOURCE;
				MTL_FAST_MATH = YES;
				ONLY_ACTIVE_ARCH = YES;
				SDKROOT = iphoneos;
				SWIFT_ACTIVE_COMPILATION_CONDITIONS = DEBUG;
				SWIFT_OPTIMIZATION_LEVEL = "-Onone";
			};
			name = Debug;
		};
		50830F2B2346C07A009CFB1D /* Release */ = {
			isa = XCBuildConfiguration;
			buildSettings = {
				ALWAYS_SEARCH_USER_PATHS = NO;
				CLANG_ANALYZER_NONNULL = YES;
				CLANG_ANALYZER_NUMBER_OBJECT_CONVERSION = YES_AGGRESSIVE;
				CLANG_CXX_LANGUAGE_STANDARD = "gnu++14";
				CLANG_CXX_LIBRARY = "libc++";
				CLANG_ENABLE_MODULES = YES;
				CLANG_ENABLE_OBJC_ARC = YES;
				CLANG_ENABLE_OBJC_WEAK = YES;
				CLANG_WARN_BLOCK_CAPTURE_AUTORELEASING = YES;
				CLANG_WARN_BOOL_CONVERSION = YES;
				CLANG_WARN_COMMA = YES;
				CLANG_WARN_CONSTANT_CONVERSION = YES;
				CLANG_WARN_DEPRECATED_OBJC_IMPLEMENTATIONS = YES;
				CLANG_WARN_DIRECT_OBJC_ISA_USAGE = YES_ERROR;
				CLANG_WARN_DOCUMENTATION_COMMENTS = YES;
				CLANG_WARN_EMPTY_BODY = YES;
				CLANG_WARN_ENUM_CONVERSION = YES;
				CLANG_WARN_INFINITE_RECURSION = YES;
				CLANG_WARN_INT_CONVERSION = YES;
				CLANG_WARN_NON_LITERAL_NULL_CONVERSION = YES;
				CLANG_WARN_OBJC_IMPLICIT_RETAIN_SELF = YES;
				CLANG_WARN_OBJC_LITERAL_CONVERSION = YES;
				CLANG_WARN_OBJC_ROOT_CLASS = YES_ERROR;
				CLANG_WARN_RANGE_LOOP_ANALYSIS = YES;
				CLANG_WARN_STRICT_PROTOTYPES = YES;
				CLANG_WARN_SUSPICIOUS_MOVE = YES;
				CLANG_WARN_UNGUARDED_AVAILABILITY = YES_AGGRESSIVE;
				CLANG_WARN_UNREACHABLE_CODE = YES;
				CLANG_WARN__DUPLICATE_METHOD_MATCH = YES;
				COPY_PHASE_STRIP = NO;
				DEBUG_INFORMATION_FORMAT = "dwarf-with-dsym";
				ENABLE_NS_ASSERTIONS = NO;
				ENABLE_STRICT_OBJC_MSGSEND = YES;
				GCC_C_LANGUAGE_STANDARD = gnu11;
				GCC_NO_COMMON_BLOCKS = YES;
				GCC_WARN_64_TO_32_BIT_CONVERSION = YES;
				GCC_WARN_ABOUT_RETURN_TYPE = YES_ERROR;
				GCC_WARN_UNDECLARED_SELECTOR = YES;
				GCC_WARN_UNINITIALIZED_AUTOS = YES_AGGRESSIVE;
				GCC_WARN_UNUSED_FUNCTION = YES;
				GCC_WARN_UNUSED_VARIABLE = YES;
				IPHONEOS_DEPLOYMENT_TARGET = 13.0;
				MTL_ENABLE_DEBUG_INFO = NO;
				MTL_FAST_MATH = YES;
				SDKROOT = iphoneos;
				SWIFT_COMPILATION_MODE = wholemodule;
				SWIFT_OPTIMIZATION_LEVEL = "-O";
				VALIDATE_PRODUCT = YES;
			};
			name = Release;
		};
		50830F2D2346C07A009CFB1D /* Debug */ = {
			isa = XCBuildConfiguration;
			buildSettings = {
				ASSETCATALOG_COMPILER_APPICON_NAME = AppIcon;
				CODE_SIGN_STYLE = Automatic;
				DEVELOPMENT_ASSET_PATHS = "\"rvc29_p2/Preview Content\"";
				ENABLE_PREVIEWS = YES;
				INFOPLIST_FILE = rvc29_p2/Info.plist;
				LD_RUNPATH_SEARCH_PATHS = (
					"$(inherited)",
					"@executable_path/Frameworks",
				);
				PRODUCT_BUNDLE_IDENTIFIER = "Rafael.rvc29-p2";
				PRODUCT_NAME = "$(TARGET_NAME)";
				SWIFT_VERSION = 5.0;
				TARGETED_DEVICE_FAMILY = "1,2";
			};
			name = Debug;
		};
		50830F2E2346C07A009CFB1D /* Release */ = {
			isa = XCBuildConfiguration;
			buildSettings = {
				ASSETCATALOG_COMPILER_APPICON_NAME = AppIcon;
				CODE_SIGN_STYLE = Automatic;
				DEVELOPMENT_ASSET_PATHS = "\"rvc29_p2/Preview Content\"";
				ENABLE_PREVIEWS = YES;
				INFOPLIST_FILE = rvc29_p2/Info.plist;
				LD_RUNPATH_SEARCH_PATHS = (
					"$(inherited)",
					"@executable_path/Frameworks",
				);
				PRODUCT_BUNDLE_IDENTIFIER = "Rafael.rvc29-p2";
				PRODUCT_NAME = "$(TARGET_NAME)";
				SWIFT_VERSION = 5.0;
				TARGETED_DEVICE_FAMILY = "1,2";
			};
			name = Release;
		};
		50830F302346C07A009CFB1D /* Debug */ = {
			isa = XCBuildConfiguration;
			buildSettings = {
				ALWAYS_EMBED_SWIFT_STANDARD_LIBRARIES = YES;
				BUNDLE_LOADER = "$(TEST_HOST)";
				CODE_SIGN_STYLE = Automatic;
				INFOPLIST_FILE = rvc29_p2Tests/Info.plist;
				IPHONEOS_DEPLOYMENT_TARGET = 13.0;
				LD_RUNPATH_SEARCH_PATHS = (
					"$(inherited)",
					"@executable_path/Frameworks",
					"@loader_path/Frameworks",
				);
				PRODUCT_BUNDLE_IDENTIFIER = "Rafael.rvc29-p2Tests";
				PRODUCT_NAME = "$(TARGET_NAME)";
				SWIFT_VERSION = 5.0;
				TARGETED_DEVICE_FAMILY = "1,2";
				TEST_HOST = "$(BUILT_PRODUCTS_DIR)/rvc29_p2.app/rvc29_p2";
			};
			name = Debug;
		};
		50830F312346C07A009CFB1D /* Release */ = {
			isa = XCBuildConfiguration;
			buildSettings = {
				ALWAYS_EMBED_SWIFT_STANDARD_LIBRARIES = YES;
				BUNDLE_LOADER = "$(TEST_HOST)";
				CODE_SIGN_STYLE = Automatic;
				INFOPLIST_FILE = rvc29_p2Tests/Info.plist;
				IPHONEOS_DEPLOYMENT_TARGET = 13.0;
				LD_RUNPATH_SEARCH_PATHS = (
					"$(inherited)",
					"@executable_path/Frameworks",
					"@loader_path/Frameworks",
				);
				PRODUCT_BUNDLE_IDENTIFIER = "Rafael.rvc29-p2Tests";
				PRODUCT_NAME = "$(TARGET_NAME)";
				SWIFT_VERSION = 5.0;
				TARGETED_DEVICE_FAMILY = "1,2";
				TEST_HOST = "$(BUILT_PRODUCTS_DIR)/rvc29_p2.app/rvc29_p2";
			};
			name = Release;
		};
		50830F332346C07A009CFB1D /* Debug */ = {
			isa = XCBuildConfiguration;
			buildSettings = {
				ALWAYS_EMBED_SWIFT_STANDARD_LIBRARIES = YES;
				CODE_SIGN_STYLE = Automatic;
				INFOPLIST_FILE = rvc29_p2UITests/Info.plist;
				LD_RUNPATH_SEARCH_PATHS = (
					"$(inherited)",
					"@executable_path/Frameworks",
					"@loader_path/Frameworks",
				);
				PRODUCT_BUNDLE_IDENTIFIER = "Rafael.rvc29-p2UITests";
				PRODUCT_NAME = "$(TARGET_NAME)";
				SWIFT_VERSION = 5.0;
				TARGETED_DEVICE_FAMILY = "1,2";
				TEST_TARGET_NAME = rvc29_p2;
			};
			name = Debug;
		};
		50830F342346C07A009CFB1D /* Release */ = {
			isa = XCBuildConfiguration;
			buildSettings = {
				ALWAYS_EMBED_SWIFT_STANDARD_LIBRARIES = YES;
				CODE_SIGN_STYLE = Automatic;
				INFOPLIST_FILE = rvc29_p2UITests/Info.plist;
				LD_RUNPATH_SEARCH_PATHS = (
					"$(inherited)",
					"@executable_path/Frameworks",
					"@loader_path/Frameworks",
				);
				PRODUCT_BUNDLE_IDENTIFIER = "Rafael.rvc29-p2UITests";
				PRODUCT_NAME = "$(TARGET_NAME)";
				SWIFT_VERSION = 5.0;
				TARGETED_DEVICE_FAMILY = "1,2";
				TEST_TARGET_NAME = rvc29_p2;
			};
			name = Release;
		};
/* End XCBuildConfiguration section */

/* Begin XCConfigurationList section */
		50830EFD2346C079009CFB1D /* Build configuration list for PBXProject "rvc29_p2" */ = {
			isa = XCConfigurationList;
			buildConfigurations = (
				50830F2A2346C07A009CFB1D /* Debug */,
				50830F2B2346C07A009CFB1D /* Release */,
			);
			defaultConfigurationIsVisible = 0;
			defaultConfigurationName = Release;
		};
		50830F2C2346C07A009CFB1D /* Build configuration list for PBXNativeTarget "rvc29_p2" */ = {
			isa = XCConfigurationList;
			buildConfigurations = (
				50830F2D2346C07A009CFB1D /* Debug */,
				50830F2E2346C07A009CFB1D /* Release */,
			);
			defaultConfigurationIsVisible = 0;
			defaultConfigurationName = Release;
		};
		50830F2F2346C07A009CFB1D /* Build configuration list for PBXNativeTarget "rvc29_p2Tests" */ = {
			isa = XCConfigurationList;
			buildConfigurations = (
				50830F302346C07A009CFB1D /* Debug */,
				50830F312346C07A009CFB1D /* Release */,
			);
			defaultConfigurationIsVisible = 0;
			defaultConfigurationName = Release;
		};
		50830F322346C07A009CFB1D /* Build configuration list for PBXNativeTarget "rvc29_p2UITests" */ = {
			isa = XCConfigurationList;
			buildConfigurations = (
				50830F332346C07A009CFB1D /* Debug */,
				50830F342346C07A009CFB1D /* Release */,
			);
			defaultConfigurationIsVisible = 0;
			defaultConfigurationName = Release;
		};
/* End XCConfigurationList section */
	};
	rootObject = 50830EFA2346C079009CFB1D /* Project object */;
}
